// !$*UTF8*$!
{
	archiveVersion = 1;
	classes = {
	};
	objectVersion = 77;
	objects = {

/* Begin PBXBuildFile section */
		06A904412C0FBE70CFD67936 /* HistoryListView.swift in Sources */ = {isa = PBXBuildFile; fileRef = 77C2C5158B30717A490546E3 /* HistoryListView.swift */; };
		134DBA94706ABB8ACD8C6EF5 /* ExportManager.swift in Sources */ = {isa = PBXBuildFile; fileRef = 1FAF51D5207C3CFEFBEB0667 /* ExportManager.swift */; };
		167F3466A9C607E0782581EB /* DiFangKeWatch.app in Embed Watch Content */ = {isa = PBXBuildFile; fileRef = 1B548CB11481ECB7DDBB0606 /* DiFangKeWatch.app */; };
		19D19D677339112CC0F14ED5 /* Place.swift in Sources */ = {isa = PBXBuildFile; fileRef = 7338D01A9D36898197763A48 /* Place.swift */; };
		32BD3192C18CDD34C8B5EB24 /* TimelineEditView.swift in Sources */ = {isa = PBXBuildFile; fileRef = B0188A0CAACC9286C33F0543 /* TimelineEditView.swift */; };
		441650B9A8F33BB36DD1822C /* WatchHomeView.swift in Sources */ = {isa = PBXBuildFile; fileRef = C6B399C338BB4612145C364B /* WatchHomeView.swift */; };
		4A0BE9B15A8560F2969D5C2D /* Secrets.plist in Resources */ = {isa = PBXBuildFile; fileRef = AA55D128BD63CB08D5888227 /* Secrets.plist */; };
		51C5B1CA5308C8B8E9EEDFBC /* FootprintDetailView.swift in Sources */ = {isa = PBXBuildFile; fileRef = 0DA88C94F7EAC66D28F00A84 /* FootprintDetailView.swift */; };
		537DA85FA44FBE884BDF342B /* Foundation.framework in Frameworks */ = {isa = PBXBuildFile; fileRef = C0E6E94F0AB674372B9577B9 /* Foundation.framework */; };
		6C8D388180D8BFA81BBF320B /* RecycleBinView.swift in Sources */ = {isa = PBXBuildFile; fileRef = 7537D23096CA61CCC79B0405 /* RecycleBinView.swift */; };
		71F2E5B397A918D6AD287D07 /* OpenAIService.swift in Sources */ = {isa = PBXBuildFile; fileRef = FC770D1218DA3E75BF2D5859 /* OpenAIService.swift */; };
		7C7F1D9D9F1F363DAAEAF0A0 /* DataManagerView.swift in Sources */ = {isa = PBXBuildFile; fileRef = 8FECD1239FE04DF703FFB1E6 /* DataManagerView.swift */; };
		8D0E1F2A3B4C5D6E7F8091A2 /* DataDeduplicationService.swift in Sources */ = {isa = PBXBuildFile; fileRef = 8D0E1F2A3B4C5D6E7F8091A1 /* DataDeduplicationService.swift */; };
		8D0E1F2A3B4C5D6E7F8091A4 /* DiFangKeSchema.swift in Sources */ = {isa = PBXBuildFile; fileRef = 8D0E1F2A3B4C5D6E7F8091A3 /* DiFangKeSchema.swift */; };
		8D0E1F2A3B4C5D6E7F8091A6 /* FutureTripMigrationService.swift in Sources */ = {isa = PBXBuildFile; fileRef = 8D0E1F2A3B4C5D6E7F8091A5 /* FutureTripMigrationService.swift */; };
		8D0E1F2A3B4C5D6E7F8091A7 /* FutureTrip.swift in Sources */ = {isa = PBXBuildFile; fileRef = 8F4D2C9D6A1B43D0A6C7E2B1 /* FutureTrip.swift */; };
		8D0E1F2A3B4C5D6E7F8091A8 /* DiFangKeSchema.swift in Sources */ = {isa = PBXBuildFile; fileRef = 8D0E1F2A3B4C5D6E7F8091A3 /* DiFangKeSchema.swift */; };
		8EDC80C32DCF8D059D548DB7 /* DiFangKeApp.swift in Sources */ = {isa = PBXBuildFile; fileRef = 2C84EEA3EDC02DA770FA555B /* DiFangKeApp.swift */; };
		8F4D2C9E6A1B43D0A6C7E2B1 /* FutureTrip.swift in Sources */ = {isa = PBXBuildFile; fileRef = 8F4D2C9D6A1B43D0A6C7E2B1 /* FutureTrip.swift */; };
		8F4D2CA16A1B43D0A6C7E2B1 /* FutureTripDraftModal.swift in Sources */ = {isa = PBXBuildFile; fileRef = 8F4D2C9F6A1B43D0A6C7E2B1 /* FutureTripDraftModal.swift */; };
		8F4D2CA26A1B43D0A6C7E2B1 /* FutureTripTimelineRow.swift in Sources */ = {isa = PBXBuildFile; fileRef = 8F4D2CA06A1B43D0A6C7E2B1 /* FutureTripTimelineRow.swift */; };
		8F4D2CA46A1B43D0A6C7E2B1 /* ShareCards.swift in Sources */ = {isa = PBXBuildFile; fileRef = 8F4D2CA36A1B43D0A6C7E2B1 /* ShareCards.swift */; };
		923B7C1655C4BB80D929DDCF /* Aptabase in Frameworks */ = {isa = PBXBuildFile; productRef = 68EA130148C5349D5CF940EE /* Aptabase */; };
		93AB9A1A347A786C40F60D26 /* MapPickerView.swift in Sources */ = {isa = PBXBuildFile; fileRef = 7D750760587987B7CCDAB5FF /* MapPickerView.swift */; };
		988AA12CFD19A21CA1592A1D /* SettingsView.swift in Sources */ = {isa = PBXBuildFile; fileRef = 2A099643BEA06307F4508FC0 /* SettingsView.swift */; };
		9F3F925B82CF4EEDED4E3AFF /* AddPlaceSheet.swift in Sources */ = {isa = PBXBuildFile; fileRef = 35E218304D15330402004958 /* AddPlaceSheet.swift */; };
		A037B11166D8EC00960EEADB /* WatchSyncManager.swift in Sources */ = {isa = PBXBuildFile; fileRef = E022A8CC3D9B5C3F524EC0E6 /* WatchSyncManager.swift */; };
		A1D3F500AA001001AA001001 /* Assets.xcassets in Resources */ = {isa = PBXBuildFile; fileRef = A1D3F501AA001001AA001001 /* Assets.xcassets */; };
		A1D3F502AA001001AA001001 /* AppIcon.icon in Resources */ = {isa = PBXBuildFile; fileRef = A1D3F503AA001001AA001001 /* AppIcon.icon */; };
		A1D3F511AA001001AA001011 /* WatchMapView.swift in Sources */ = {isa = PBXBuildFile; fileRef = A1D3F510AA001001AA001010 /* WatchMapView.swift */; };
		A71100000000000000000001 /* DiFangKeWatchWidget.appex in Embed App Extensions */ = {isa = PBXBuildFile; fileRef = A71100000000000000000002 /* DiFangKeWatchWidget.appex */; settings = {ATTRIBUTES = (RemoveHeadersOnCopy, ); }; };
		AA4B2C8D1F0E3A7B9C5D6E8F /* PhotoService.swift in Sources */ = {isa = PBXBuildFile; fileRef = BB4B2C8D1F0E3A7B9C5D6E8F /* PhotoService.swift */; };
		AC19D6437C18A309FE001E29 /* Views/TimelineView.swift in Sources */ = {isa = PBXBuildFile; fileRef = A54AB938AAFF2E0EF442F6AA /* Views/TimelineView.swift */; };
		B3928286E13850C29DAA2500 /* NotificationManager.swift in Sources */ = {isa = PBXBuildFile; fileRef = 66D82DFAC5BB6C7261047EF5 /* NotificationManager.swift */; };
		BB95F1637D3ABD303156926C /* EditPlaceSheet.swift in Sources */ = {isa = PBXBuildFile; fileRef = 5D7A089B6F99853042F8B6A1 /* EditPlaceSheet.swift */; };
		C199604340369E777F064D7B /* Config.plist in Resources */ = {isa = PBXBuildFile; fileRef = 8406ACF5012D1DB8F428AB9C /* Config.plist */; };
		C641B0512FE2720C009DC763 /* SafeMKMapView.swift in Sources */ = {isa = PBXBuildFile; fileRef = C641B0502FE2720C009DC763 /* SafeMKMapView.swift */; };
		C64D3D9E2F80058600BB3C3F /* IgnoredPlacesView.swift in Sources */ = {isa = PBXBuildFile; fileRef = C64D3D9D2F80058600BB3C3F /* IgnoredPlacesView.swift */; };
		C64D3DA02F8111A800BB3C3F /* RawLogsManagerView.swift in Sources */ = {isa = PBXBuildFile; fileRef = C64D3D9F2F8111A800BB3C3F /* RawLogsManagerView.swift */; };
		C64D3DA22F81251E00BB3C3F /* AiSettingsView.swift in Sources */ = {isa = PBXBuildFile; fileRef = C64D3DA12F81251E00BB3C3F /* AiSettingsView.swift */; };
		C64D3DA42F81434600BB3C3F /* DFKMapView.swift in Sources */ = {isa = PBXBuildFile; fileRef = C64D3DA32F81434600BB3C3F /* DFKMapView.swift */; };
		C65E583B2F8241350030A766 /* TimelineBuilder.swift in Sources */ = {isa = PBXBuildFile; fileRef = C65E583A2F8241350030A766 /* TimelineBuilder.swift */; };
		C65E583D2F8241420030A766 /* Transport.swift in Sources */ = {isa = PBXBuildFile; fileRef = C65E583C2F8241420030A766 /* Transport.swift */; };
		C67848162FA24C0D002DF823 /* WidgetKit.framework in Frameworks */ = {isa = PBXBuildFile; fileRef = C67848152FA24C0C002DF823 /* WidgetKit.framework */; };
		C67848182FA24C0D002DF823 /* SwiftUI.framework in Frameworks */ = {isa = PBXBuildFile; fileRef = C67848172FA24C0D002DF823 /* SwiftUI.framework */; };
		C67848272FA24C10002DF823 /* DiFangKeWidgetExtension.appex in Embed Foundation Extensions */ = {isa = PBXBuildFile; fileRef = C67848132FA24C0C002DF823 /* DiFangKeWidgetExtension.appex */; settings = {ATTRIBUTES = (RemoveHeadersOnCopy, ); }; };
		C67848322FA25669002DF823 /* Footprint.swift in Sources */ = {isa = PBXBuildFile; fileRef = A49FF8D1053B68159E4D2EEC /* Footprint.swift */; };
		C67848332FA25672002DF823 /* Place.swift in Sources */ = {isa = PBXBuildFile; fileRef = 7338D01A9D36898197763A48 /* Place.swift */; };
		C67848342FA25677002DF823 /* Transport.swift in Sources */ = {isa = PBXBuildFile; fileRef = C65E583C2F8241420030A766 /* Transport.swift */; };
		C67848352FA2567E002DF823 /* ActivityType.swift in Sources */ = {isa = PBXBuildFile; fileRef = C68544432F85457800C605E9 /* ActivityType.swift */; };
		C67848362FA25686002DF823 /* DailyInsight.swift in Sources */ = {isa = PBXBuildFile; fileRef = C685444B2F86BDFC00C605E9 /* DailyInsight.swift */; };
		C67848372FA25696002DF823 /* AppConfig.swift in Sources */ = {isa = PBXBuildFile; fileRef = C68EFC112F8AA05900C1F901 /* AppConfig.swift */; };
		C67848382FA2569E002DF823 /* LocationManager.swift in Sources */ = {isa = PBXBuildFile; fileRef = 0F466FD610098E71DB17C54D /* LocationManager.swift */; };
		C67848392FA256A5002DF823 /* TimelineBuilder.swift in Sources */ = {isa = PBXBuildFile; fileRef = C65E583A2F8241350030A766 /* TimelineBuilder.swift */; };
		C678483A2FA256B2002DF823 /* Config.plist in Resources */ = {isa = PBXBuildFile; fileRef = 8406ACF5012D1DB8F428AB9C /* Config.plist */; };
		C678483C2FA258DE002DF823 /* MotionType.swift in Sources */ = {isa = PBXBuildFile; fileRef = C678483B2FA258DE002DF823 /* MotionType.swift */; };
		C678483D2FA258DE002DF823 /* MotionType.swift in Sources */ = {isa = PBXBuildFile; fileRef = C678483B2FA258DE002DF823 /* MotionType.swift */; };
		C678483E2FA258F8002DF823 /* OpenAIService.swift in Sources */ = {isa = PBXBuildFile; fileRef = FC770D1218DA3E75BF2D5859 /* OpenAIService.swift */; };
		C67848582FA3A082002DF823 /* WidgetDataSyncManager.swift in Sources */ = {isa = PBXBuildFile; fileRef = C67848572FA3A082002DF823 /* WidgetDataSyncManager.swift */; };
		C68544332F84E84200C605E9 /* TimelineComponents.swift in Sources */ = {isa = PBXBuildFile; fileRef = C68544302F84E84200C605E9 /* TimelineComponents.swift */; };
		C68544342F84E84200C605E9 /* LocationSelectionComponents.swift in Sources */ = {isa = PBXBuildFile; fileRef = C685442F2F84E84200C605E9 /* LocationSelectionComponents.swift */; };
		C68544352F84E84200C605E9 /* TimelineTransportComponents.swift in Sources */ = {isa = PBXBuildFile; fileRef = C68544312F84E84200C605E9 /* TimelineTransportComponents.swift */; };
		C68544362F84E84200C605E9 /* FlowLayout.swift in Sources */ = {isa = PBXBuildFile; fileRef = C685442E2F84E84200C605E9 /* FlowLayout.swift */; };
		C68544402F85334A00C605E9 /* CloudSettingsManager.swift in Sources */ = {isa = PBXBuildFile; fileRef = C685443F2F85334A00C605E9 /* CloudSettingsManager.swift */; };
		C68544422F85343F00C605E9 /* SavedPlacesView.swift in Sources */ = {isa = PBXBuildFile; fileRef = C68544412F85343F00C605E9 /* SavedPlacesView.swift */; };
		C68544442F85457800C605E9 /* ActivityType.swift in Sources */ = {isa = PBXBuildFile; fileRef = C68544432F85457800C605E9 /* ActivityType.swift */; };
		C68544462F854DB400C605E9 /* ActivityTypeSettingsView.swift in Sources */ = {isa = PBXBuildFile; fileRef = C68544452F854DB400C605E9 /* ActivityTypeSettingsView.swift */; };
		C68544482F86A80500C605E9 /* HistoryStatisticsView.swift in Sources */ = {isa = PBXBuildFile; fileRef = C68544472F86A80500C605E9 /* HistoryStatisticsView.swift */; };
		C685444C2F86BDFC00C605E9 /* DailyInsight.swift in Sources */ = {isa = PBXBuildFile; fileRef = C685444B2F86BDFC00C605E9 /* DailyInsight.swift */; };
		C685444E2F877C2800C605E9 /* MiniCalendarView.swift in Sources */ = {isa = PBXBuildFile; fileRef = C685444D2F877C2800C605E9 /* MiniCalendarView.swift */; };
		C68EFC122F8AA05900C1F901 /* AppConfig.swift in Sources */ = {isa = PBXBuildFile; fileRef = C68EFC112F8AA05900C1F901 /* AppConfig.swift */; };
		C6ACF7672F95110B006D9536 /* RawPointsListView.swift in Sources */ = {isa = PBXBuildFile; fileRef = C6ACF7662F95110B006D9536 /* RawPointsListView.swift */; };
		C6D2DE3A2F90E39800466878 /* HealthManager.swift in Sources */ = {isa = PBXBuildFile; fileRef = C6D2DE392F90E39800466878 /* HealthManager.swift */; };
		C6FC95012F9A67B2004E1FE6 /* AppIcon.icon in Resources */ = {isa = PBXBuildFile; fileRef = C6FC95002F9A67B2004E1FE6 /* AppIcon.icon */; };
		CDA3376C04480D9A7C70C2BC /* PlacePickerViewModel.swift in Sources */ = {isa = PBXBuildFile; fileRef = F44E7F2A482D33533D342882 /* PlacePickerViewModel.swift */; };
		D41ABCD1F214C4E81A5F8C0C /* PlacesManagerView.swift in Sources */ = {isa = PBXBuildFile; fileRef = 97D09C072C5681826463BD99 /* PlacesManagerView.swift */; };
		D452A546B9150F52A9DA068F /* LocationAccuracyMode.swift in Sources */ = {isa = PBXBuildFile; fileRef = 3CC7EC170C689C92143E3FF0 /* LocationAccuracyMode.swift */; };
		D9F2FA2BC5D3F85EF9E1621C /* WatchStore.swift in Sources */ = {isa = PBXBuildFile; fileRef = 75C47077CF83E07E81527983 /* WatchStore.swift */; };
		DCF7DA8245034788006DA387 /* Footprint.swift in Sources */ = {isa = PBXBuildFile; fileRef = A49FF8D1053B68159E4D2EEC /* Footprint.swift */; };
		E59B828958C2254FFEEE593D /* LocationManager.swift in Sources */ = {isa = PBXBuildFile; fileRef = 0F466FD610098E71DB17C54D /* LocationManager.swift */; };
		E5CF6588D5181064FB5CB42D /* Assets.xcassets in Resources */ = {isa = PBXBuildFile; fileRef = 76746EBFA55AE24E965803B1 /* Assets.xcassets */; };
		FE83FA99A0DCD7ACEF34A49F /* DiFangKeWatchApp.swift in Sources */ = {isa = PBXBuildFile; fileRef = C8425F1A47BDB68DEFCA6C2F /* DiFangKeWatchApp.swift */; };
/* End PBXBuildFile section */

/* Begin PBXContainerItemProxy section */
		07B66A50A3C5E905A8932503 /* PBXContainerItemProxy */ = {
			isa = PBXContainerItemProxy;
			containerPortal = 22478D1FFB0A8791BF88398D /* Project object */;
			proxyType = 1;
			remoteGlobalIDString = 11F4AA226D3DCD80D5EBA1FA;
			remoteInfo = DiFangKeWatch;
		};
		A71100000000000000000003 /* PBXContainerItemProxy */ = {
			isa = PBXContainerItemProxy;
			containerPortal = 22478D1FFB0A8791BF88398D /* Project object */;
			proxyType = 1;
			remoteGlobalIDString = A71100000000000000000004;
			remoteInfo = DiFangKeWatchWidget;
		};
		C67848252FA24C10002DF823 /* PBXContainerItemProxy */ = {
			isa = PBXContainerItemProxy;
			containerPortal = 22478D1FFB0A8791BF88398D /* Project object */;
			proxyType = 1;
			remoteGlobalIDString = C67848122FA24C0C002DF823;
			remoteInfo = DiFangKeWidgetExtension;
		};
/* End PBXContainerItemProxy section */

/* Begin PBXCopyFilesBuildPhase section */
		A71100000000000000000005 /* Embed App Extensions */ = {
			isa = PBXCopyFilesBuildPhase;
			buildActionMask = 2147483647;
			dstPath = "";
			dstSubfolderSpec = 13;
			files = (
				A71100000000000000000001 /* DiFangKeWatchWidget.appex in Embed App Extensions */,
			);
			name = "Embed App Extensions";
			runOnlyForDeploymentPostprocessing = 0;
		};
		C3EA889BD26EA1368565CBFF /* Embed Watch Content */ = {
			isa = PBXCopyFilesBuildPhase;
			buildActionMask = 2147483647;
			dstPath = "$(CONTENTS_FOLDER_PATH)/Watch";
			dstSubfolderSpec = 16;
			files = (
				167F3466A9C607E0782581EB /* DiFangKeWatch.app in Embed Watch Content */,
			);
			name = "Embed Watch Content";
			runOnlyForDeploymentPostprocessing = 0;
		};
		C67848282FA24C10002DF823 /* Embed Foundation Extensions */ = {
			isa = PBXCopyFilesBuildPhase;
			buildActionMask = 2147483647;
			dstPath = "";
			dstSubfolderSpec = 13;
			files = (
				C67848272FA24C10002DF823 /* DiFangKeWidgetExtension.appex in Embed Foundation Extensions */,
			);
			name = "Embed Foundation Extensions";
			runOnlyForDeploymentPostprocessing = 0;
		};
/* End PBXCopyFilesBuildPhase section */

/* Begin PBXFileReference section */
		0109B5C3A46C595F984A0148 /* 地方客.app */ = {isa = PBXFileReference; explicitFileType = wrapper.application; includeInIndex = 0; path = "地方客.app"; sourceTree = BUILT_PRODUCTS_DIR; };
		0DA88C94F7EAC66D28F00A84 /* FootprintDetailView.swift */ = {isa = PBXFileReference; lastKnownFileType = sourcecode.swift; path = FootprintDetailView.swift; sourceTree = "<group>"; };
		0F466FD610098E71DB17C54D /* LocationManager.swift */ = {isa = PBXFileReference; lastKnownFileType = sourcecode.swift; path = LocationManager.swift; sourceTree = "<group>"; };
		1B548CB11481ECB7DDBB0606 /* DiFangKeWatch.app */ = {isa = PBXFileReference; explicitFileType = wrapper.application; includeInIndex = 0; path = DiFangKeWatch.app; sourceTree = BUILT_PRODUCTS_DIR; };
		1FAF51D5207C3CFEFBEB0667 /* ExportManager.swift */ = {isa = PBXFileReference; lastKnownFileType = sourcecode.swift; path = ExportManager.swift; sourceTree = "<group>"; };
		2A099643BEA06307F4508FC0 /* SettingsView.swift */ = {isa = PBXFileReference; lastKnownFileType = sourcecode.swift; path = SettingsView.swift; sourceTree = "<group>"; };
		2C84EEA3EDC02DA770FA555B /* DiFangKeApp.swift */ = {isa = PBXFileReference; lastKnownFileType = sourcecode.swift; path = DiFangKeApp.swift; sourceTree = "<group>"; };
		35E218304D15330402004958 /* AddPlaceSheet.swift */ = {isa = PBXFileReference; lastKnownFileType = sourcecode.swift; path = AddPlaceSheet.swift; sourceTree = "<group>"; };
		3CC7EC170C689C92143E3FF0 /* LocationAccuracyMode.swift */ = {isa = PBXFileReference; includeInIndex = 1; lastKnownFileType = sourcecode.swift; path = LocationAccuracyMode.swift; sourceTree = "<group>"; };
		45BAB919B70A00C9D4126C30 /* Info.plist */ = {isa = PBXFileReference; lastKnownFileType = text.plist; path = Info.plist; sourceTree = "<group>"; };
		5D7A089B6F99853042F8B6A1 /* EditPlaceSheet.swift */ = {isa = PBXFileReference; lastKnownFileType = sourcecode.swift; path = EditPlaceSheet.swift; sourceTree = "<group>"; };
		66D82DFAC5BB6C7261047EF5 /* NotificationManager.swift */ = {isa = PBXFileReference; lastKnownFileType = sourcecode.swift; path = NotificationManager.swift; sourceTree = "<group>"; };
		7338D01A9D36898197763A48 /* Place.swift */ = {isa = PBXFileReference; lastKnownFileType = sourcecode.swift; path = Place.swift; sourceTree = "<group>"; };
		7537D23096CA61CCC79B0405 /* RecycleBinView.swift */ = {isa = PBXFileReference; includeInIndex = 1; lastKnownFileType = sourcecode.swift; path = RecycleBinView.swift; sourceTree = "<group>"; };
		75C47077CF83E07E81527983 /* WatchStore.swift */ = {isa = PBXFileReference; includeInIndex = 1; lastKnownFileType = sourcecode.swift; path = WatchStore.swift; sourceTree = "<group>"; };
		76746EBFA55AE24E965803B1 /* Assets.xcassets */ = {isa = PBXFileReference; lastKnownFileType = folder.assetcatalog; path = Assets.xcassets; sourceTree = "<group>"; };
		77C2C5158B30717A490546E3 /* HistoryListView.swift */ = {isa = PBXFileReference; lastKnownFileType = sourcecode.swift; path = HistoryListView.swift; sourceTree = "<group>"; };
		7D750760587987B7CCDAB5FF /* MapPickerView.swift */ = {isa = PBXFileReference; lastKnownFileType = sourcecode.swift; path = MapPickerView.swift; sourceTree = "<group>"; };
		8406ACF5012D1DB8F428AB9C /* Config.plist */ = {isa = PBXFileReference; lastKnownFileType = text.plist; path = Config.plist; sourceTree = "<group>"; };
		8D0E1F2A3B4C5D6E7F8091A1 /* DataDeduplicationService.swift */ = {isa = PBXFileReference; lastKnownFileType = sourcecode.swift; path = DataDeduplicationService.swift; sourceTree = "<group>"; };
		8D0E1F2A3B4C5D6E7F8091A3 /* DiFangKeSchema.swift */ = {isa = PBXFileReference; lastKnownFileType = sourcecode.swift; path = DiFangKeSchema.swift; sourceTree = "<group>"; };
		8D0E1F2A3B4C5D6E7F8091A5 /* FutureTripMigrationService.swift */ = {isa = PBXFileReference; lastKnownFileType = sourcecode.swift; path = FutureTripMigrationService.swift; sourceTree = "<group>"; };
		8F4D2C9D6A1B43D0A6C7E2B1 /* FutureTrip.swift */ = {isa = PBXFileReference; lastKnownFileType = sourcecode.swift; path = FutureTrip.swift; sourceTree = "<group>"; };
		8F4D2C9F6A1B43D0A6C7E2B1 /* FutureTripDraftModal.swift */ = {isa = PBXFileReference; lastKnownFileType = sourcecode.swift; path = FutureTripDraftModal.swift; sourceTree = "<group>"; };
		8F4D2CA06A1B43D0A6C7E2B1 /* FutureTripTimelineRow.swift */ = {isa = PBXFileReference; lastKnownFileType = sourcecode.swift; path = FutureTripTimelineRow.swift; sourceTree = "<group>"; };
		8F4D2CA36A1B43D0A6C7E2B1 /* ShareCards.swift */ = {isa = PBXFileReference; lastKnownFileType = sourcecode.swift; path = ShareCards.swift; sourceTree = "<group>"; };
		8FECD1239FE04DF703FFB1E6 /* DataManagerView.swift */ = {isa = PBXFileReference; lastKnownFileType = sourcecode.swift; path = DataManagerView.swift; sourceTree = "<group>"; };
		97D09C072C5681826463BD99 /* PlacesManagerView.swift */ = {isa = PBXFileReference; lastKnownFileType = sourcecode.swift; path = PlacesManagerView.swift; sourceTree = "<group>"; };
		9F3945441A99914928D9C615 /* DiFangKeWatch.entitlements */ = {isa = PBXFileReference; includeInIndex = 1; lastKnownFileType = text.plist.entitlements; path = DiFangKeWatch.entitlements; sourceTree = "<group>"; };
		A1D3F501AA001001AA001001 /* Assets.xcassets */ = {isa = PBXFileReference; lastKnownFileType = folder.assetcatalog; path = Assets.xcassets; sourceTree = "<group>"; };
		A1D3F503AA001001AA001001 /* AppIcon.icon */ = {isa = PBXFileReference; lastKnownFileType = folder.iconcomposer.icon; path = AppIcon.icon; sourceTree = "<group>"; };
		A1D3F510AA001001AA001010 /* WatchMapView.swift */ = {isa = PBXFileReference; includeInIndex = 1; lastKnownFileType = sourcecode.swift; path = WatchMapView.swift; sourceTree = "<group>"; };
		A49FF8D1053B68159E4D2EEC /* Footprint.swift */ = {isa = PBXFileReference; lastKnownFileType = sourcecode.swift; path = Footprint.swift; sourceTree = "<group>"; };
		A54AB938AAFF2E0EF442F6AA /* Views/TimelineView.swift */ = {isa = PBXFileReference; lastKnownFileType = sourcecode.swift; path = Views/TimelineView.swift; sourceTree = "<group>"; };
		A71100000000000000000002 /* DiFangKeWatchWidget.appex */ = {isa = PBXFileReference; explicitFileType = "wrapper.app-extension"; includeInIndex = 0; path = DiFangKeWatchWidget.appex; sourceTree = BUILT_PRODUCTS_DIR; };
		AA55D128BD63CB08D5888227 /* Secrets.plist */ = {isa = PBXFileReference; includeInIndex = 1; lastKnownFileType = text.plist.xml; path = Secrets.plist; sourceTree = "<group>"; };
		B0188A0CAACC9286C33F0543 /* TimelineEditView.swift */ = {isa = PBXFileReference; includeInIndex = 1; lastKnownFileType = sourcecode.swift; path = TimelineEditView.swift; sourceTree = "<group>"; };
		BB4B2C8D1F0E3A7B9C5D6E8F /* PhotoService.swift */ = {isa = PBXFileReference; lastKnownFileType = sourcecode.swift; path = PhotoService.swift; sourceTree = "<group>"; };
		C0E6E94F0AB674372B9577B9 /* Foundation.framework */ = {isa = PBXFileReference; lastKnownFileType = wrapper.framework; name = Foundation.framework; path = Platforms/WatchOS.platform/Developer/SDKs/WatchOS11.0.sdk/System/Library/Frameworks/Foundation.framework; sourceTree = DEVELOPER_DIR; };
		C641B0502FE2720C009DC763 /* SafeMKMapView.swift */ = {isa = PBXFileReference; lastKnownFileType = sourcecode.swift; path = SafeMKMapView.swift; sourceTree = "<group>"; };
		C64D3D9D2F80058600BB3C3F /* IgnoredPlacesView.swift */ = {isa = PBXFileReference; lastKnownFileType = sourcecode.swift; path = IgnoredPlacesView.swift; sourceTree = "<group>"; };
		C64D3D9F2F8111A800BB3C3F /* RawLogsManagerView.swift */ = {isa = PBXFileReference; lastKnownFileType = sourcecode.swift; path = RawLogsManagerView.swift; sourceTree = "<group>"; };
		C64D3DA12F81251E00BB3C3F /* AiSettingsView.swift */ = {isa = PBXFileReference; lastKnownFileType = sourcecode.swift; path = AiSettingsView.swift; sourceTree = "<group>"; };
		C64D3DA32F81434600BB3C3F /* DFKMapView.swift */ = {isa = PBXFileReference; lastKnownFileType = sourcecode.swift; path = DFKMapView.swift; sourceTree = "<group>"; };
		C651F9AF2F7F6CBF00217426 /* DiFangKe.entitlements */ = {isa = PBXFileReference; lastKnownFileType = text.plist.entitlements; path = DiFangKe.entitlements; sourceTree = "<group>"; };
		C65E583A2F8241350030A766 /* TimelineBuilder.swift */ = {isa = PBXFileReference; lastKnownFileType = sourcecode.swift; path = TimelineBuilder.swift; sourceTree = "<group>"; };
		C65E583C2F8241420030A766 /* Transport.swift */ = {isa = PBXFileReference; lastKnownFileType = sourcecode.swift; path = Transport.swift; sourceTree = "<group>"; };
		C67848132FA24C0C002DF823 /* DiFangKeWidgetExtension.appex */ = {isa = PBXFileReference; explicitFileType = "wrapper.app-extension"; includeInIndex = 0; path = DiFangKeWidgetExtension.appex; sourceTree = BUILT_PRODUCTS_DIR; };
		C67848152FA24C0C002DF823 /* WidgetKit.framework */ = {isa = PBXFileReference; lastKnownFileType = wrapper.framework; name = WidgetKit.framework; path = System/Library/Frameworks/WidgetKit.framework; sourceTree = SDKROOT; };
		C67848172FA24C0D002DF823 /* SwiftUI.framework */ = {isa = PBXFileReference; lastKnownFileType = wrapper.framework; name = SwiftUI.framework; path = System/Library/Frameworks/SwiftUI.framework; sourceTree = SDKROOT; };
		C678482D2FA24C21002DF823 /* DiFangKeWidgetExtension.entitlements */ = {isa = PBXFileReference; lastKnownFileType = text.plist.entitlements; path = DiFangKeWidgetExtension.entitlements; sourceTree = "<group>"; };
		C678483B2FA258DE002DF823 /* MotionType.swift */ = {isa = PBXFileReference; lastKnownFileType = sourcecode.swift; path = MotionType.swift; sourceTree = "<group>"; };
		C67848572FA3A082002DF823 /* WidgetDataSyncManager.swift */ = {isa = PBXFileReference; lastKnownFileType = sourcecode.swift; path = WidgetDataSyncManager.swift; sourceTree = "<group>"; };
		C685442E2F84E84200C605E9 /* FlowLayout.swift */ = {isa = PBXFileReference; lastKnownFileType = sourcecode.swift; path = FlowLayout.swift; sourceTree = "<group>"; };
		C685442F2F84E84200C605E9 /* LocationSelectionComponents.swift */ = {isa = PBXFileReference; lastKnownFileType = sourcecode.swift; path = LocationSelectionComponents.swift; sourceTree = "<group>"; };
		C68544302F84E84200C605E9 /* TimelineComponents.swift */ = {isa = PBXFileReference; lastKnownFileType = sourcecode.swift; path = TimelineComponents.swift; sourceTree = "<group>"; };
		C68544312F84E84200C605E9 /* TimelineTransportComponents.swift */ = {isa = PBXFileReference; lastKnownFileType = sourcecode.swift; path = TimelineTransportComponents.swift; sourceTree = "<group>"; };
		C685443F2F85334A00C605E9 /* CloudSettingsManager.swift */ = {isa = PBXFileReference; lastKnownFileType = sourcecode.swift; path = CloudSettingsManager.swift; sourceTree = "<group>"; };
		C68544412F85343F00C605E9 /* SavedPlacesView.swift */ = {isa = PBXFileReference; lastKnownFileType = sourcecode.swift; path = SavedPlacesView.swift; sourceTree = "<group>"; };
		C68544432F85457800C605E9 /* ActivityType.swift */ = {isa = PBXFileReference; lastKnownFileType = sourcecode.swift; path = ActivityType.swift; sourceTree = "<group>"; };
		C68544452F854DB400C605E9 /* ActivityTypeSettingsView.swift */ = {isa = PBXFileReference; lastKnownFileType = sourcecode.swift; path = ActivityTypeSettingsView.swift; sourceTree = "<group>"; };
		C68544472F86A80500C605E9 /* HistoryStatisticsView.swift */ = {isa = PBXFileReference; lastKnownFileType = sourcecode.swift; path = HistoryStatisticsView.swift; sourceTree = "<group>"; };
		C685444B2F86BDFC00C605E9 /* DailyInsight.swift */ = {isa = PBXFileReference; lastKnownFileType = sourcecode.swift; path = DailyInsight.swift; sourceTree = "<group>"; };
		C685444D2F877C2800C605E9 /* MiniCalendarView.swift */ = {isa = PBXFileReference; lastKnownFileType = sourcecode.swift; path = MiniCalendarView.swift; sourceTree = "<group>"; };
		C68EFC112F8AA05900C1F901 /* AppConfig.swift */ = {isa = PBXFileReference; lastKnownFileType = sourcecode.swift; path = AppConfig.swift; sourceTree = "<group>"; };
		C6ACF7662F95110B006D9536 /* RawPointsListView.swift */ = {isa = PBXFileReference; lastKnownFileType = sourcecode.swift; path = RawPointsListView.swift; sourceTree = "<group>"; };
		C6B399C338BB4612145C364B /* WatchHomeView.swift */ = {isa = PBXFileReference; includeInIndex = 1; lastKnownFileType = sourcecode.swift; path = WatchHomeView.swift; sourceTree = "<group>"; };
		C6D2DE392F90E39800466878 /* HealthManager.swift */ = {isa = PBXFileReference; lastKnownFileType = sourcecode.swift; path = HealthManager.swift; sourceTree = "<group>"; };
		C6FC95002F9A67B2004E1FE6 /* AppIcon.icon */ = {isa = PBXFileReference; lastKnownFileType = folder.iconcomposer.icon; path = AppIcon.icon; sourceTree = "<group>"; };
		C8425F1A47BDB68DEFCA6C2F /* DiFangKeWatchApp.swift */ = {isa = PBXFileReference; includeInIndex = 1; lastKnownFileType = sourcecode.swift; path = DiFangKeWatchApp.swift; sourceTree = "<group>"; };
		E022A8CC3D9B5C3F524EC0E6 /* WatchSyncManager.swift */ = {isa = PBXFileReference; includeInIndex = 1; lastKnownFileType = sourcecode.swift; name = WatchSyncManager.swift; path = Services/WatchSyncManager.swift; sourceTree = "<group>"; };
		F44E7F2A482D33533D342882 /* PlacePickerViewModel.swift */ = {isa = PBXFileReference; lastKnownFileType = sourcecode.swift; path = PlacePickerViewModel.swift; sourceTree = "<group>"; };
		FC770D1218DA3E75BF2D5859 /* OpenAIService.swift */ = {isa = PBXFileReference; lastKnownFileType = sourcecode.swift; path = OpenAIService.swift; sourceTree = "<group>"; };
/* End PBXFileReference section */

/* Begin PBXFileSystemSynchronizedBuildFileExceptionSet section */
		A7110000000000000000000F /* Exceptions for "DiFangKeWatchWidget" folder in "DiFangKeWatchWidget" target */ = {
			isa = PBXFileSystemSynchronizedBuildFileExceptionSet;
			membershipExceptions = (
				Info.plist,
			);
			target = A71100000000000000000004 /* DiFangKeWatchWidget */;
		};
		C678482B2FA24C10002DF823 /* Exceptions for "DiFangKeWidget" folder in "DiFangKeWidgetExtension" target */ = {
			isa = PBXFileSystemSynchronizedBuildFileExceptionSet;
			membershipExceptions = (
				Info.plist,
			);
			target = C67848122FA24C0C002DF823 /* DiFangKeWidgetExtension */;
		};
/* End PBXFileSystemSynchronizedBuildFileExceptionSet section */

/* Begin PBXFileSystemSynchronizedRootGroup section */
		A71100000000000000000007 /* DiFangKeWatchWidget */ = {
			isa = PBXFileSystemSynchronizedRootGroup;
			exceptions = (
				A7110000000000000000000F /* Exceptions for "DiFangKeWatchWidget" folder in "DiFangKeWatchWidget" target */,
			);
			path = DiFangKeWatchWidget;
			sourceTree = "<group>";
		};
		C67848192FA24C0D002DF823 /* DiFangKeWidget */ = {
			isa = PBXFileSystemSynchronizedRootGroup;
			exceptions = (
				C678482B2FA24C10002DF823 /* Exceptions for "DiFangKeWidget" folder in "DiFangKeWidgetExtension" target */,
			);
			path = DiFangKeWidget;
			sourceTree = "<group>";
		};
/* End PBXFileSystemSynchronizedRootGroup section */

/* Begin PBXFrameworksBuildPhase section */
		8F91DE4F3B6FDFF2EB8ECE0A /* Frameworks */ = {
			isa = PBXFrameworksBuildPhase;
			buildActionMask = 2147483647;
			files = (
				923B7C1655C4BB80D929DDCF /* Aptabase in Frameworks */,
			);
			runOnlyForDeploymentPostprocessing = 0;
		};
		A7110000000000000000000B /* Frameworks */ = {
			isa = PBXFrameworksBuildPhase;
			buildActionMask = 2147483647;
			files = (
			);
			runOnlyForDeploymentPostprocessing = 0;
		};
		C67848102FA24C0C002DF823 /* Frameworks */ = {
			isa = PBXFrameworksBuildPhase;
			buildActionMask = 2147483647;
			files = (
				C67848182FA24C0D002DF823 /* SwiftUI.framework in Frameworks */,
				C67848162FA24C0D002DF823 /* WidgetKit.framework in Frameworks */,
			);
			runOnlyForDeploymentPostprocessing = 0;
		};
		E79705EEDDC8D808C38510D8 /* Frameworks */ = {
			isa = PBXFrameworksBuildPhase;
			buildActionMask = 2147483647;
			files = (
				537DA85FA44FBE884BDF342B /* Foundation.framework in Frameworks */,
			);
			runOnlyForDeploymentPostprocessing = 0;
		};
/* End PBXFrameworksBuildPhase section */

/* Begin PBXGroup section */
		060C5744364D60F6DF54D207 /* Products */ = {
			isa = PBXGroup;
			children = (
				A71100000000000000000002 /* DiFangKeWatchWidget.appex */,
				0109B5C3A46C595F984A0148 /* 地方客.app */,
				C67848132FA24C0C002DF823 /* DiFangKeWidgetExtension.appex */,
				1B548CB11481ECB7DDBB0606 /* DiFangKeWatch.app */,
			);
			name = Products;
			sourceTree = "<group>";
		};
		06DEB163665CC9F5D06ED225 /* DiFangKe */ = {
			isa = PBXGroup;
			children = (
				C651F9AF2F7F6CBF00217426 /* DiFangKe.entitlements */,
				76746EBFA55AE24E965803B1 /* Assets.xcassets */,
				C6FC95002F9A67B2004E1FE6 /* AppIcon.icon */,
				8406ACF5012D1DB8F428AB9C /* Config.plist */,
				A54AB938AAFF2E0EF442F6AA /* Views/TimelineView.swift */,
				2C84EEA3EDC02DA770FA555B /* DiFangKeApp.swift */,
				45BAB919B70A00C9D4126C30 /* Info.plist */,
				A0CC0B6B3717D956A36B0F02 /* Models */,
				6C24D087F1ECA32C5EED5AC4 /* Services */,
				326C76B5E17E8751B542D30F /* ViewModels */,
				538DCFE6EA70DBBAA1239C2D /* Views */,
				AA55D128BD63CB08D5888227 /* Secrets.plist */,
				E022A8CC3D9B5C3F524EC0E6 /* WatchSyncManager.swift */,
			);
			path = DiFangKe;
			sourceTree = "<group>";
		};
		18AF311614905A6515AE8408 /* watchOS */ = {
			isa = PBXGroup;
			children = (
				C0E6E94F0AB674372B9577B9 /* Foundation.framework */,
			);
			name = watchOS;
			sourceTree = "<group>";
		};
		326C76B5E17E8751B542D30F /* ViewModels */ = {
			isa = PBXGroup;
			children = (
				F44E7F2A482D33533D342882 /* PlacePickerViewModel.swift */,
			);
			path = ViewModels;
			sourceTree = "<group>";
		};
		538DCFE6EA70DBBAA1239C2D /* Views */ = {
			isa = PBXGroup;
			children = (
				8F4D2C9F6A1B43D0A6C7E2B1 /* FutureTripDraftModal.swift */,
				8F4D2CA06A1B43D0A6C7E2B1 /* FutureTripTimelineRow.swift */,
				8F4D2CA36A1B43D0A6C7E2B1 /* ShareCards.swift */,
				C6ACF7662F95110B006D9536 /* RawPointsListView.swift */,
				C68544472F86A80500C605E9 /* HistoryStatisticsView.swift */,
				C68544452F854DB400C605E9 /* ActivityTypeSettingsView.swift */,
				C68544412F85343F00C605E9 /* SavedPlacesView.swift */,
				C68544322F84E84200C605E9 /* Components */,
				C64D3DA32F81434600BB3C3F /* DFKMapView.swift */,
				C64D3DA12F81251E00BB3C3F /* AiSettingsView.swift */,
				C64D3D9F2F8111A800BB3C3F /* RawLogsManagerView.swift */,
				C64D3D9D2F80058600BB3C3F /* IgnoredPlacesView.swift */,
				35E218304D15330402004958 /* AddPlaceSheet.swift */,
				8FECD1239FE04DF703FFB1E6 /* DataManagerView.swift */,
				5D7A089B6F99853042F8B6A1 /* EditPlaceSheet.swift */,
				0DA88C94F7EAC66D28F00A84 /* FootprintDetailView.swift */,
				77C2C5158B30717A490546E3 /* HistoryListView.swift */,
				7D750760587987B7CCDAB5FF /* MapPickerView.swift */,
				97D09C072C5681826463BD99 /* PlacesManagerView.swift */,
				2A099643BEA06307F4508FC0 /* SettingsView.swift */,
				7537D23096CA61CCC79B0405 /* RecycleBinView.swift */,
				B0188A0CAACC9286C33F0543 /* TimelineEditView.swift */,
			);
			path = Views;
			sourceTree = "<group>";
		};
		6C24D087F1ECA32C5EED5AC4 /* Services */ = {
			isa = PBXGroup;
			children = (
				8D0E1F2A3B4C5D6E7F8091A1 /* DataDeduplicationService.swift */,
				8D0E1F2A3B4C5D6E7F8091A5 /* FutureTripMigrationService.swift */,
				C67848572FA3A082002DF823 /* WidgetDataSyncManager.swift */,
				C6D2DE392F90E39800466878 /* HealthManager.swift */,
				C68EFC112F8AA05900C1F901 /* AppConfig.swift */,
				C685443F2F85334A00C605E9 /* CloudSettingsManager.swift */,
				C65E583A2F8241350030A766 /* TimelineBuilder.swift */,
				1FAF51D5207C3CFEFBEB0667 /* ExportManager.swift */,
				0F466FD610098E71DB17C54D /* LocationManager.swift */,
				66D82DFAC5BB6C7261047EF5 /* NotificationManager.swift */,
				FC770D1218DA3E75BF2D5859 /* OpenAIService.swift */,
				BB4B2C8D1F0E3A7B9C5D6E8F /* PhotoService.swift */,
			);
			path = Services;
			sourceTree = "<group>";
		};
		A0CC0B6B3717D956A36B0F02 /* Models */ = {
			isa = PBXGroup;
			children = (
				8D0E1F2A3B4C5D6E7F8091A3 /* DiFangKeSchema.swift */,
				8F4D2C9D6A1B43D0A6C7E2B1 /* FutureTrip.swift */,
				C678483B2FA258DE002DF823 /* MotionType.swift */,
				C685444B2F86BDFC00C605E9 /* DailyInsight.swift */,
				C68544432F85457800C605E9 /* ActivityType.swift */,
				C65E583C2F8241420030A766 /* Transport.swift */,
				A49FF8D1053B68159E4D2EEC /* Footprint.swift */,
				7338D01A9D36898197763A48 /* Place.swift */,
				3CC7EC170C689C92143E3FF0 /* LocationAccuracyMode.swift */,
			);
			path = Models;
			sourceTree = "<group>";
		};
		C67848142FA24C0C002DF823 /* Frameworks */ = {
			isa = PBXGroup;
			children = (
				C67848152FA24C0C002DF823 /* WidgetKit.framework */,
				C67848172FA24C0D002DF823 /* SwiftUI.framework */,
				18AF311614905A6515AE8408 /* watchOS */,
			);
			name = Frameworks;
			sourceTree = "<group>";
		};
		C68544322F84E84200C605E9 /* Components */ = {
			isa = PBXGroup;
			children = (
				C641B0502FE2720C009DC763 /* SafeMKMapView.swift */,
				C685444D2F877C2800C605E9 /* MiniCalendarView.swift */,
				C685442E2F84E84200C605E9 /* FlowLayout.swift */,
				C685442F2F84E84200C605E9 /* LocationSelectionComponents.swift */,
				C68544302F84E84200C605E9 /* TimelineComponents.swift */,
				C68544312F84E84200C605E9 /* TimelineTransportComponents.swift */,
			);
			path = Components;
			sourceTree = "<group>";
		};
		CE21BCBC42E9B032C1E986C7 = {
			isa = PBXGroup;
			children = (
				C678482D2FA24C21002DF823 /* DiFangKeWidgetExtension.entitlements */,
				06DEB163665CC9F5D06ED225 /* DiFangKe */,
				C67848192FA24C0D002DF823 /* DiFangKeWidget */,
				C67848142FA24C0C002DF823 /* Frameworks */,
				060C5744364D60F6DF54D207 /* Products */,
				DD08A6A7E588B5B0B2C24C92 /* DiFangKeWatch */,
				A71100000000000000000007 /* DiFangKeWatchWidget */,
			);
			sourceTree = "<group>";
		};
		DD08A6A7E588B5B0B2C24C92 /* DiFangKeWatch */ = {
			isa = PBXGroup;
			children = (
				A1D3F501AA001001AA001001 /* Assets.xcassets */,
				A1D3F503AA001001AA001001 /* AppIcon.icon */,
				C8425F1A47BDB68DEFCA6C2F /* DiFangKeWatchApp.swift */,
				C6B399C338BB4612145C364B /* WatchHomeView.swift */,
				A1D3F510AA001001AA001010 /* WatchMapView.swift */,
				75C47077CF83E07E81527983 /* WatchStore.swift */,
				9F3945441A99914928D9C615 /* DiFangKeWatch.entitlements */,
			);
			path = DiFangKeWatch;
			sourceTree = "<group>";
		};
/* End PBXGroup section */

/* Begin PBXNativeTarget section */
		11F4AA226D3DCD80D5EBA1FA /* DiFangKeWatch */ = {
			isa = PBXNativeTarget;
			buildConfigurationList = E1902B97446A9FAA650DFECF /* Build configuration list for PBXNativeTarget "DiFangKeWatch" */;
			buildPhases = (
				3A991CCA108EC9D9DCEBFE79 /* Sources */,
				E79705EEDDC8D808C38510D8 /* Frameworks */,
				C88A2620765FD3A68CC0B773 /* Resources */,
				A71100000000000000000005 /* Embed App Extensions */,
			);
			buildRules = (
			);
			dependencies = (
				A71100000000000000000008 /* PBXTargetDependency */,
			);
			name = DiFangKeWatch;
			productName = DiFangKeWatch;
			productReference = 1B548CB11481ECB7DDBB0606 /* DiFangKeWatch.app */;
			productType = "com.apple.product-type.application";
		};
		A71100000000000000000004 /* DiFangKeWatchWidget */ = {
			isa = PBXNativeTarget;
			buildConfigurationList = A71100000000000000000009 /* Build configuration list for PBXNativeTarget "DiFangKeWatchWidget" */;
			buildPhases = (
				A7110000000000000000000A /* Sources */,
				A7110000000000000000000B /* Frameworks */,
				A7110000000000000000000C /* Resources */,
			);
			buildRules = (
			);
			dependencies = (
			);
			fileSystemSynchronizedGroups = (
				A71100000000000000000007 /* DiFangKeWatchWidget */,
			);
			name = DiFangKeWatchWidget;
			productName = DiFangKeWatchWidget;
			productReference = A71100000000000000000002 /* DiFangKeWatchWidget.appex */;
			productType = "com.apple.product-type.app-extension";
		};
		C67848122FA24C0C002DF823 /* DiFangKeWidgetExtension */ = {
			isa = PBXNativeTarget;
			buildConfigurationList = C678482C2FA24C10002DF823 /* Build configuration list for PBXNativeTarget "DiFangKeWidgetExtension" */;
			buildPhases = (
				C678480F2FA24C0C002DF823 /* Sources */,
				C67848102FA24C0C002DF823 /* Frameworks */,
				C67848112FA24C0C002DF823 /* Resources */,
			);
			buildRules = (
			);
			dependencies = (
			);
			fileSystemSynchronizedGroups = (
				C67848192FA24C0D002DF823 /* DiFangKeWidget */,
			);
			name = DiFangKeWidgetExtension;
			productName = DiFangKeWidgetExtension;
			productReference = C67848132FA24C0C002DF823 /* DiFangKeWidgetExtension.appex */;
			productType = "com.apple.product-type.app-extension";
		};
		D8BD734948CCEF7A2C9FAA84 /* DiFangKe */ = {
			isa = PBXNativeTarget;
			buildConfigurationList = 63946DFD7278E77B91FAE5C4 /* Build configuration list for PBXNativeTarget "DiFangKe" */;
			buildPhases = (
				A23D6FADAE18AE6B2791A4EE /* Sources */,
				402F6E6DF86D9DE22D1B34EF /* Resources */,
				C67848282FA24C10002DF823 /* Embed Foundation Extensions */,
				8F91DE4F3B6FDFF2EB8ECE0A /* Frameworks */,
				C3EA889BD26EA1368565CBFF /* Embed Watch Content */,
			);
			buildRules = (
			);
			dependencies = (
				C67848262FA24C10002DF823 /* PBXTargetDependency */,
				E08820C5983FD6F3115410C8 /* PBXTargetDependency */,
			);
			name = DiFangKe;
			packageProductDependencies = (
				68EA130148C5349D5CF940EE /* Aptabase */,
			);
			productName = DiFangKe;
			productReference = 0109B5C3A46C595F984A0148 /* 地方客.app */;
			productType = "com.apple.product-type.application";
		};
/* End PBXNativeTarget section */

/* Begin PBXProject section */
		22478D1FFB0A8791BF88398D /* Project object */ = {
			isa = PBXProject;
			attributes = {
				BuildIndependentTargetsInParallel = YES;
				LastSwiftUpdateCheck = 2640;
				LastUpgradeCheck = 2650;
				TargetAttributes = {
					C67848122FA24C0C002DF823 = {
						CreatedOnToolsVersion = 26.4.1;
					};
				};
			};
			buildConfigurationList = A4C9CFFD682E947343B0C99F /* Build configuration list for PBXProject "DiFangKe" */;
			developmentRegion = zh_CN;
			hasScannedForEncodings = 0;
			knownRegions = (
				Base,
				en,
				zh_CN,
				"zh-Hans",
			);
			mainGroup = CE21BCBC42E9B032C1E986C7;
			minimizedProjectReferenceProxies = 1;
			packageReferences = (
				3FB6B41A72C5CC53D33BDFF0 /* XCRemoteSwiftPackageReference "aptabase-swift" */,
			);
			preferredProjectObjectVersion = 77;
			productRefGroup = 060C5744364D60F6DF54D207 /* Products */;
			projectDirPath = "";
			projectRoot = "";
			targets = (
				D8BD734948CCEF7A2C9FAA84 /* DiFangKe */,
				C67848122FA24C0C002DF823 /* DiFangKeWidgetExtension */,
				11F4AA226D3DCD80D5EBA1FA /* DiFangKeWatch */,
				A71100000000000000000004 /* DiFangKeWatchWidget */,
			);
		};
/* End PBXProject section */

/* Begin PBXResourcesBuildPhase section */
		402F6E6DF86D9DE22D1B34EF /* Resources */ = {
			isa = PBXResourcesBuildPhase;
			buildActionMask = 2147483647;
			files = (
				C6FC95012F9A67B2004E1FE6 /* AppIcon.icon in Resources */,
				E5CF6588D5181064FB5CB42D /* Assets.xcassets in Resources */,
				C199604340369E777F064D7B /* Config.plist in Resources */,
				4A0BE9B15A8560F2969D5C2D /* Secrets.plist in Resources */,
			);
			runOnlyForDeploymentPostprocessing = 0;
		};
		A7110000000000000000000C /* Resources */ = {
			isa = PBXResourcesBuildPhase;
			buildActionMask = 2147483647;
			files = (
			);
			runOnlyForDeploymentPostprocessing = 0;
		};
		C67848112FA24C0C002DF823 /* Resources */ = {
			isa = PBXResourcesBuildPhase;
			buildActionMask = 2147483647;
			files = (
				C678483A2FA256B2002DF823 /* Config.plist in Resources */,
			);
			runOnlyForDeploymentPostprocessing = 0;
		};
		C88A2620765FD3A68CC0B773 /* Resources */ = {
			isa = PBXResourcesBuildPhase;
			buildActionMask = 2147483647;
			files = (
				A1D3F500AA001001AA001001 /* Assets.xcassets in Resources */,
				A1D3F502AA001001AA001001 /* AppIcon.icon in Resources */,
			);
			runOnlyForDeploymentPostprocessing = 0;
		};
/* End PBXResourcesBuildPhase section */

/* Begin PBXSourcesBuildPhase section */
		3A991CCA108EC9D9DCEBFE79 /* Sources */ = {
			isa = PBXSourcesBuildPhase;
			buildActionMask = 2147483647;
			files = (
				FE83FA99A0DCD7ACEF34A49F /* DiFangKeWatchApp.swift in Sources */,
				441650B9A8F33BB36DD1822C /* WatchHomeView.swift in Sources */,
				A1D3F511AA001001AA001011 /* WatchMapView.swift in Sources */,
				D9F2FA2BC5D3F85EF9E1621C /* WatchStore.swift in Sources */,
			);
			runOnlyForDeploymentPostprocessing = 0;
		};
		A23D6FADAE18AE6B2791A4EE /* Sources */ = {
			isa = PBXSourcesBuildPhase;
			buildActionMask = 2147483647;
			files = (
				C64D3DA22F81251E00BB3C3F /* AiSettingsView.swift in Sources */,
				9F3F925B82CF4EEDED4E3AFF /* AddPlaceSheet.swift in Sources */,
				8D0E1F2A3B4C5D6E7F8091A2 /* DataDeduplicationService.swift in Sources */,
				8D0E1F2A3B4C5D6E7F8091A4 /* DiFangKeSchema.swift in Sources */,
				8D0E1F2A3B4C5D6E7F8091A6 /* FutureTripMigrationService.swift in Sources */,
				8F4D2C9E6A1B43D0A6C7E2B1 /* FutureTrip.swift in Sources */,
				8F4D2CA16A1B43D0A6C7E2B1 /* FutureTripDraftModal.swift in Sources */,
				8F4D2CA26A1B43D0A6C7E2B1 /* FutureTripTimelineRow.swift in Sources */,
				8F4D2CA46A1B43D0A6C7E2B1 /* ShareCards.swift in Sources */,
				C67848582FA3A082002DF823 /* WidgetDataSyncManager.swift in Sources */,
				AC19D6437C18A309FE001E29 /* Views/TimelineView.swift in Sources */,
				7C7F1D9D9F1F363DAAEAF0A0 /* DataManagerView.swift in Sources */,
				8EDC80C32DCF8D059D548DB7 /* DiFangKeApp.swift in Sources */,
				C68544332F84E84200C605E9 /* TimelineComponents.swift in Sources */,
				C68544342F84E84200C605E9 /* LocationSelectionComponents.swift in Sources */,
				C68544352F84E84200C605E9 /* TimelineTransportComponents.swift in Sources */,
				C68544362F84E84200C605E9 /* FlowLayout.swift in Sources */,
				C6ACF7672F95110B006D9536 /* RawPointsListView.swift in Sources */,
				C64D3D9E2F80058600BB3C3F /* IgnoredPlacesView.swift in Sources */,
				BB95F1637D3ABD303156926C /* EditPlaceSheet.swift in Sources */,
				134DBA94706ABB8ACD8C6EF5 /* ExportManager.swift in Sources */,
				DCF7DA8245034788006DA387 /* Footprint.swift in Sources */,
				51C5B1CA5308C8B8E9EEDFBC /* FootprintDetailView.swift in Sources */,
				06A904412C0FBE70CFD67936 /* HistoryListView.swift in Sources */,
				C68544422F85343F00C605E9 /* SavedPlacesView.swift in Sources */,
				E59B828958C2254FFEEE593D /* LocationManager.swift in Sources */,
				C68544482F86A80500C605E9 /* HistoryStatisticsView.swift in Sources */,
				C68544402F85334A00C605E9 /* CloudSettingsManager.swift in Sources */,
				C685444E2F877C2800C605E9 /* MiniCalendarView.swift in Sources */,
				93AB9A1A347A786C40F60D26 /* MapPickerView.swift in Sources */,
				C685444C2F86BDFC00C605E9 /* DailyInsight.swift in Sources */,
				C65E583D2F8241420030A766 /* Transport.swift in Sources */,
				B3928286E13850C29DAA2500 /* NotificationManager.swift in Sources */,
				71F2E5B397A918D6AD287D07 /* OpenAIService.swift in Sources */,
				AA4B2C8D1F0E3A7B9C5D6E8F /* PhotoService.swift in Sources */,
				C678483C2FA258DE002DF823 /* MotionType.swift in Sources */,
				C68544462F854DB400C605E9 /* ActivityTypeSettingsView.swift in Sources */,
				C64D3DA42F81434600BB3C3F /* DFKMapView.swift in Sources */,
				C64D3DA02F8111A800BB3C3F /* RawLogsManagerView.swift in Sources */,
				C65E583B2F8241350030A766 /* TimelineBuilder.swift in Sources */,
				C68544442F85457800C605E9 /* ActivityType.swift in Sources */,
				19D19D677339112CC0F14ED5 /* Place.swift in Sources */,
				CDA3376C04480D9A7C70C2BC /* PlacePickerViewModel.swift in Sources */,
				D41ABCD1F214C4E81A5F8C0C /* PlacesManagerView.swift in Sources */,
				C68EFC122F8AA05900C1F901 /* AppConfig.swift in Sources */,
				988AA12CFD19A21CA1592A1D /* SettingsView.swift in Sources */,
				6C8D388180D8BFA81BBF320B /* RecycleBinView.swift in Sources */,
				C641B0512FE2720C009DC763 /* SafeMKMapView.swift in Sources */,
				C6D2DE3A2F90E39800466878 /* HealthManager.swift in Sources */,
				D452A546B9150F52A9DA068F /* LocationAccuracyMode.swift in Sources */,
				32BD3192C18CDD34C8B5EB24 /* TimelineEditView.swift in Sources */,
				A037B11166D8EC00960EEADB /* WatchSyncManager.swift in Sources */,
			);
			runOnlyForDeploymentPostprocessing = 0;
		};
		A7110000000000000000000A /* Sources */ = {
			isa = PBXSourcesBuildPhase;
			buildActionMask = 2147483647;
			files = (
			);
			runOnlyForDeploymentPostprocessing = 0;
		};
		C678480F2FA24C0C002DF823 /* Sources */ = {
			isa = PBXSourcesBuildPhase;
			buildActionMask = 2147483647;
			files = (
				8D0E1F2A3B4C5D6E7F8091A7 /* FutureTrip.swift in Sources */,
				8D0E1F2A3B4C5D6E7F8091A8 /* DiFangKeSchema.swift in Sources */,
				C67848342FA25677002DF823 /* Transport.swift in Sources */,
				C67848332FA25672002DF823 /* Place.swift in Sources */,
				C67848322FA25669002DF823 /* Footprint.swift in Sources */,
				C67848352FA2567E002DF823 /* ActivityType.swift in Sources */,
				C67848392FA256A5002DF823 /* TimelineBuilder.swift in Sources */,
				C678483E2FA258F8002DF823 /* OpenAIService.swift in Sources */,
				C67848362FA25686002DF823 /* DailyInsight.swift in Sources */,
				C67848372FA25696002DF823 /* AppConfig.swift in Sources */,
				C678483D2FA258DE002DF823 /* MotionType.swift in Sources */,
				C67848382FA2569E002DF823 /* LocationManager.swift in Sources */,
			);
			runOnlyForDeploymentPostprocessing = 0;
		};
/* End PBXSourcesBuildPhase section */

/* Begin PBXTargetDependency section */
		A71100000000000000000008 /* PBXTargetDependency */ = {
			isa = PBXTargetDependency;
			target = A71100000000000000000004 /* DiFangKeWatchWidget */;
			targetProxy = A71100000000000000000003 /* PBXContainerItemProxy */;
		};
		C67848262FA24C10002DF823 /* PBXTargetDependency */ = {
			isa = PBXTargetDependency;
			target = C67848122FA24C0C002DF823 /* DiFangKeWidgetExtension */;
			targetProxy = C67848252FA24C10002DF823 /* PBXContainerItemProxy */;
		};
		E08820C5983FD6F3115410C8 /* PBXTargetDependency */ = {
			isa = PBXTargetDependency;
			name = DiFangKeWatch;
			target = 11F4AA226D3DCD80D5EBA1FA /* DiFangKeWatch */;
			targetProxy = 07B66A50A3C5E905A8932503 /* PBXContainerItemProxy */;
		};
/* End PBXTargetDependency section */

/* Begin XCBuildConfiguration section */
		0474BB3A3494ED831CFD3D26 /* Release */ = {
			isa = XCBuildConfiguration;
			buildSettings = {
				ASSETCATALOG_COMPILER_APPICON_NAME = AppIcon;
				"ASSETCATALOG_COMPILER_APPICON_NAME[sdk=watch*]" = LegacyAppIcon;
				CODE_SIGN_ENTITLEMENTS = DiFangKeWatch/DiFangKeWatch.entitlements;
				GENERATE_INFOPLIST_FILE = YES;
				INFOPLIST_KEY_CFBundleDisplayName = "地方客";
				INFOPLIST_KEY_WKApplication = YES;
				INFOPLIST_KEY_WKCompanionAppBundleIdentifier = com.ct106.difangke;
				PRODUCT_BUNDLE_IDENTIFIER = com.ct106.difangke.watchkitapp;
				PRODUCT_NAME = DiFangKeWatch;
				SDKROOT = watchos;
				SKIP_INSTALL = YES;
				SUPPORTED_PLATFORMS = "watchos watchsimulator";
				SWIFT_VERSION = 5.0;
				TARGETED_DEVICE_FAMILY = 4;
				VALIDATE_PRODUCT = YES;
				WATCHOS_DEPLOYMENT_TARGET = 10.0;
			};
			name = Release;
		};
		5B10AD8112E2603AE6D4DBC2 /* Debug */ = {
			isa = XCBuildConfiguration;
			buildSettings = {
				ALWAYS_SEARCH_USER_PATHS = NO;
				ASSETCATALOG_COMPILER_GENERATE_SWIFT_ASSET_SYMBOL_EXTENSIONS = YES;
				CLANG_ANALYZER_LOCALIZABILITY_NONLOCALIZED = YES;
				CLANG_ANALYZER_NONNULL = YES;
				CLANG_ANALYZER_NUMBER_OBJECT_CONVERSION = YES_AGGRESSIVE;
				CLANG_CXX_LANGUAGE_STANDARD = "gnu++14";
				CLANG_CXX_LIBRARY = "libc++";
				CLANG_ENABLE_MODULES = YES;
				CLANG_ENABLE_OBJC_ARC = YES;
				CLANG_ENABLE_OBJC_WEAK = YES;
				CLANG_WARN_BLOCK_CAPTURE_AUTORELEASING = YES;
				CLANG_WARN_BOOL_CONVERSION = YES;
				CLANG_WARN_COMMA = YES;
				CLANG_WARN_CONSTANT_CONVERSION = YES;
				CLANG_WARN_DEPRECATED_OBJC_IMPLEMENTATIONS = YES;
				CLANG_WARN_DIRECT_OBJC_ISA_USAGE = YES_ERROR;
				CLANG_WARN_DOCUMENTATION_COMMENTS = YES;
				CLANG_WARN_EMPTY_BODY = YES;
				CLANG_WARN_ENUM_CONVERSION = YES;
				CLANG_WARN_INFINITE_RECURSION = YES;
				CLANG_WARN_INT_CONVERSION = YES;
				CLANG_WARN_NON_LITERAL_NULL_CONVERSION = YES;
				CLANG_WARN_OBJC_IMPLICIT_RETAIN_SELF = YES;
				CLANG_WARN_OBJC_LITERAL_CONVERSION = YES;
				CLANG_WARN_OBJC_ROOT_CLASS = YES_ERROR;
				CLANG_WARN_QUOTED_INCLUDE_IN_FRAMEWORK_HEADER = YES;
				CLANG_WARN_RANGE_LOOP_ANALYSIS = YES;
				CLANG_WARN_STRICT_PROTOTYPES = YES;
				CLANG_WARN_SUSPICIOUS_MOVE = YES;
				CLANG_WARN_UNGUARDED_AVAILABILITY = YES_AGGRESSIVE;
				CLANG_WARN_UNREACHABLE_CODE = YES;
				CLANG_WARN__DUPLICATE_METHOD_MATCH = YES;
				COPY_PHASE_STRIP = NO;
				CURRENT_PROJECT_VERSION = 1;
				DEBUG_INFORMATION_FORMAT = dwarf;
				DEVELOPMENT_TEAM = U2NEAJ73J2;
				ENABLE_STRICT_OBJC_MSGSEND = YES;
				ENABLE_TESTABILITY = YES;
				ENABLE_USER_SCRIPT_SANDBOXING = YES;
				GCC_C_LANGUAGE_STANDARD = gnu11;
				GCC_DYNAMIC_NO_PIC = NO;
				GCC_NO_COMMON_BLOCKS = YES;
				GCC_OPTIMIZATION_LEVEL = 0;
				GCC_PREPROCESSOR_DEFINITIONS = (
					"$(inherited)",
					"DEBUG=1",
				);
				GCC_WARN_64_TO_32_BIT_CONVERSION = YES;
				GCC_WARN_ABOUT_RETURN_TYPE = YES_ERROR;
				GCC_WARN_UNDECLARED_SELECTOR = YES;
				GCC_WARN_UNINITIALIZED_AUTOS = YES_AGGRESSIVE;
				GCC_WARN_UNUSED_FUNCTION = YES;
				GCC_WARN_UNUSED_VARIABLE = YES;
				IPHONEOS_DEPLOYMENT_TARGET = 17.0;
				MARKETING_VERSION = 1.3.12;
				MTL_ENABLE_DEBUG_INFO = INCLUDE_SOURCE;
				MTL_FAST_MATH = YES;
				ONLY_ACTIVE_ARCH = YES;
				PRODUCT_NAME = "$(TARGET_NAME)";
				SDKROOT = iphoneos;
				STRING_CATALOG_GENERATE_SYMBOLS = YES;
				SWIFT_ACTIVE_COMPILATION_CONDITIONS = DEBUG;
				SWIFT_OPTIMIZATION_LEVEL = "-Onone";
				SWIFT_VERSION = 5.0;
			};
			name = Debug;
		};
		A7110000000000000000000D /* Debug */ = {
			isa = XCBuildConfiguration;
			buildSettings = {
				APPLICATION_EXTENSION_API_ONLY = YES;
				CODE_SIGN_ENTITLEMENTS = DiFangKeWatchWidget/DiFangKeWatchWidget.entitlements;
				GENERATE_INFOPLIST_FILE = NO;
				INFOPLIST_FILE = DiFangKeWatchWidget/Info.plist;
				PRODUCT_BUNDLE_IDENTIFIER = com.ct106.difangke.watchkitapp.widget;
				PRODUCT_NAME = "$(TARGET_NAME)";
				SDKROOT = watchos;
				SKIP_INSTALL = YES;
				SUPPORTED_PLATFORMS = "watchos watchsimulator";
				SWIFT_VERSION = 5.0;
				TARGETED_DEVICE_FAMILY = 4;
				WATCHOS_DEPLOYMENT_TARGET = 10.0;
			};
			name = Debug;
		};
		A7110000000000000000000E /* Release */ = {
			isa = XCBuildConfiguration;
			buildSettings = {
				APPLICATION_EXTENSION_API_ONLY = YES;
				CODE_SIGN_ENTITLEMENTS = DiFangKeWatchWidget/DiFangKeWatchWidget.entitlements;
				GENERATE_INFOPLIST_FILE = NO;
				INFOPLIST_FILE = DiFangKeWatchWidget/Info.plist;
				PRODUCT_BUNDLE_IDENTIFIER = com.ct106.difangke.watchkitapp.widget;
				PRODUCT_NAME = "$(TARGET_NAME)";
				SDKROOT = watchos;
				SKIP_INSTALL = YES;
				SUPPORTED_PLATFORMS = "watchos watchsimulator";
				SWIFT_VERSION = 5.0;
				TARGETED_DEVICE_FAMILY = 4;
				WATCHOS_DEPLOYMENT_TARGET = 10.0;
			};
			name = Release;
		};
		B7E440CFC1E1076A922BEDB4 /* Release */ = {
			isa = XCBuildConfiguration;
			buildSettings = {
				ASSETCATALOG_COMPILER_APPICON_NAME = AppIcon;
				ASSETCATALOG_COMPILER_GLOBAL_ACCENT_COLOR_NAME = AccentColor;
				ASSETCATALOG_COMPILER_INCLUDE_ALL_APPICON_ASSETS = YES;
				CODE_SIGN_ENTITLEMENTS = DiFangKe/DiFangKe.entitlements;
				CODE_SIGN_IDENTITY = "iPhone Developer";
				GENERATE_INFOPLIST_FILE = NO;
				INFOPLIST_FILE = DiFangKe/Info.plist;
				INFOPLIST_KEY_CFBundleDisplayName = "地方客";
				INFOPLIST_KEY_LSApplicationCategoryType = "public.app-category.lifestyle";
				IPHONEOS_DEPLOYMENT_TARGET = 17.6;
				LD_RUNPATH_SEARCH_PATHS = (
					"$(inherited)",
					"@executable_path/Frameworks",
				);
				PRODUCT_BUNDLE_IDENTIFIER = com.ct106.difangke;
				PRODUCT_NAME = "地方客";
				SDKROOT = iphoneos;
				SUPPORTED_PLATFORMS = "iphoneos iphonesimulator";
				SUPPORTS_MACCATALYST = NO;
				SUPPORTS_MAC_DESIGNED_FOR_IPHONE_IPAD = NO;
				SUPPORTS_XR_DESIGNED_FOR_IPHONE_IPAD = NO;
				SWIFT_VERSION = 5.9;
				TARGETED_DEVICE_FAMILY = "1,2";
			};
			name = Release;
		};
		C090984780C0D1C0ECE0B719 /* Release */ = {
			isa = XCBuildConfiguration;
			buildSettings = {
				ALWAYS_SEARCH_USER_PATHS = NO;
				ASSETCATALOG_COMPILER_GENERATE_SWIFT_ASSET_SYMBOL_EXTENSIONS = YES;
				CLANG_ANALYZER_LOCALIZABILITY_NONLOCALIZED = YES;
				CLANG_ANALYZER_NONNULL = YES;
				CLANG_ANALYZER_NUMBER_OBJECT_CONVERSION = YES_AGGRESSIVE;
				CLANG_CXX_LANGUAGE_STANDARD = "gnu++14";
				CLANG_CXX_LIBRARY = "libc++";
				CLANG_ENABLE_MODULES = YES;
				CLANG_ENABLE_OBJC_ARC = YES;
				CLANG_ENABLE_OBJC_WEAK = YES;
				CLANG_WARN_BLOCK_CAPTURE_AUTORELEASING = YES;
				CLANG_WARN_BOOL_CONVERSION = YES;
				CLANG_WARN_COMMA = YES;
				CLANG_WARN_CONSTANT_CONVERSION = YES;
				CLANG_WARN_DEPRECATED_OBJC_IMPLEMENTATIONS = YES;
				CLANG_WARN_DIRECT_OBJC_ISA_USAGE = YES_ERROR;
				CLANG_WARN_DOCUMENTATION_COMMENTS = YES;
				CLANG_WARN_EMPTY_BODY = YES;
				CLANG_WARN_ENUM_CONVERSION = YES;
				CLANG_WARN_INFINITE_RECURSION = YES;
				CLANG_WARN_INT_CONVERSION = YES;
				CLANG_WARN_NON_LITERAL_NULL_CONVERSION = YES;
				CLANG_WARN_OBJC_IMPLICIT_RETAIN_SELF = YES;
				CLANG_WARN_OBJC_LITERAL_CONVERSION = YES;
				CLANG_WARN_OBJC_ROOT_CLASS = YES_ERROR;
				CLANG_WARN_QUOTED_INCLUDE_IN_FRAMEWORK_HEADER = YES;
				CLANG_WARN_RANGE_LOOP_ANALYSIS = YES;
				CLANG_WARN_STRICT_PROTOTYPES = YES;
				CLANG_WARN_SUSPICIOUS_MOVE = YES;
				CLANG_WARN_UNGUARDED_AVAILABILITY = YES_AGGRESSIVE;
				CLANG_WARN_UNREACHABLE_CODE = YES;
				CLANG_WARN__DUPLICATE_METHOD_MATCH = YES;
				COPY_PHASE_STRIP = NO;
				CURRENT_PROJECT_VERSION = 1;
				DEBUG_INFORMATION_FORMAT = "dwarf-with-dsym";
				DEVELOPMENT_TEAM = U2NEAJ73J2;
				ENABLE_NS_ASSERTIONS = NO;
				ENABLE_STRICT_OBJC_MSGSEND = YES;
				ENABLE_USER_SCRIPT_SANDBOXING = YES;
				GCC_C_LANGUAGE_STANDARD = gnu11;
				GCC_NO_COMMON_BLOCKS = YES;
				GCC_WARN_64_TO_32_BIT_CONVERSION = YES;
				GCC_WARN_ABOUT_RETURN_TYPE = YES_ERROR;
				GCC_WARN_UNDECLARED_SELECTOR = YES;
				GCC_WARN_UNINITIALIZED_AUTOS = YES_AGGRESSIVE;
				GCC_WARN_UNUSED_FUNCTION = YES;
				GCC_WARN_UNUSED_VARIABLE = YES;
				IPHONEOS_DEPLOYMENT_TARGET = 17.0;
				MARKETING_VERSION = 1.3.12;
				MTL_ENABLE_DEBUG_INFO = NO;
				MTL_FAST_MATH = YES;
				PRODUCT_NAME = "$(TARGET_NAME)";
				SDKROOT = iphoneos;
				STRING_CATALOG_GENERATE_SYMBOLS = YES;
				SWIFT_COMPILATION_MODE = wholemodule;
				SWIFT_OPTIMIZATION_LEVEL = "-O";
				SWIFT_VERSION = 5.0;
			};
			name = Release;
		};
		C67848292FA24C10002DF823 /* Debug */ = {
			isa = XCBuildConfiguration;
			buildSettings = {
				ASSETCATALOG_COMPILER_GENERATE_SWIFT_ASSET_SYMBOL_EXTENSIONS = YES;
				ASSETCATALOG_COMPILER_GLOBAL_ACCENT_COLOR_NAME = AccentColor;
				ASSETCATALOG_COMPILER_WIDGET_BACKGROUND_COLOR_NAME = WidgetBackground;
				CLANG_CXX_LANGUAGE_STANDARD = "gnu++20";
				CODE_SIGN_ENTITLEMENTS = DiFangKeWidgetExtension.entitlements;
				CODE_SIGN_IDENTITY = "iPhone Developer";
				CODE_SIGN_STYLE = Automatic;
				GCC_C_LANGUAGE_STANDARD = gnu17;
				GCC_PREPROCESSOR_DEFINITIONS = (
					"DEBUG=1",
					"$(inherited)",
				);
				GENERATE_INFOPLIST_FILE = YES;
				INFOPLIST_FILE = DiFangKeWidget/Info.plist;
				INFOPLIST_KEY_CFBundleDisplayName = DiFangKeWidget;
				INFOPLIST_KEY_NSHumanReadableCopyright = "";
				IPHONEOS_DEPLOYMENT_TARGET = 17.6;
				LD_RUNPATH_SEARCH_PATHS = (
					"$(inherited)",
					"@executable_path/Frameworks",
					"@executable_path/../../Frameworks",
				);
				LOCALIZATION_PREFERS_STRING_CATALOGS = YES;
				"OTHER_SWIFT_FLAGS[arch=*]" = "-D WIDGET_EXTENSION";
				PRODUCT_BUNDLE_IDENTIFIER = com.ct106.difangke.widget;
				PRODUCT_NAME = "$(TARGET_NAME)";
				SKIP_INSTALL = YES;
				STRING_CATALOG_GENERATE_SYMBOLS = YES;
				SWIFT_ACTIVE_COMPILATION_CONDITIONS = "DEBUG $(inherited)";
				SWIFT_APPROACHABLE_CONCURRENCY = YES;
				SWIFT_EMIT_LOC_STRINGS = YES;
				SWIFT_UPCOMING_FEATURE_MEMBER_IMPORT_VISIBILITY = YES;
				SWIFT_VERSION = 5.0;
				TARGETED_DEVICE_FAMILY = "1,2";
			};
			name = Debug;
		};
		C678482A2FA24C10002DF823 /* Release */ = {
			isa = XCBuildConfiguration;
			buildSettings = {
				ASSETCATALOG_COMPILER_GENERATE_SWIFT_ASSET_SYMBOL_EXTENSIONS = YES;
				ASSETCATALOG_COMPILER_GLOBAL_ACCENT_COLOR_NAME = AccentColor;
				ASSETCATALOG_COMPILER_WIDGET_BACKGROUND_COLOR_NAME = WidgetBackground;
				CLANG_CXX_LANGUAGE_STANDARD = "gnu++20";
				CODE_SIGN_ENTITLEMENTS = DiFangKeWidgetExtension.entitlements;
				CODE_SIGN_IDENTITY = "iPhone Developer";
				CODE_SIGN_STYLE = Automatic;
				GCC_C_LANGUAGE_STANDARD = gnu17;
				GENERATE_INFOPLIST_FILE = YES;
				INFOPLIST_FILE = DiFangKeWidget/Info.plist;
				INFOPLIST_KEY_CFBundleDisplayName = DiFangKeWidget;
				INFOPLIST_KEY_NSHumanReadableCopyright = "";
				IPHONEOS_DEPLOYMENT_TARGET = 17.6;
				LD_RUNPATH_SEARCH_PATHS = (
					"$(inherited)",
					"@executable_path/Frameworks",
					"@executable_path/../../Frameworks",
				);
				LOCALIZATION_PREFERS_STRING_CATALOGS = YES;
				"OTHER_SWIFT_FLAGS[arch=*]" = "-D WIDGET_EXTENSION";
				PRODUCT_BUNDLE_IDENTIFIER = com.ct106.difangke.widget;
				PRODUCT_NAME = "$(TARGET_NAME)";
				SKIP_INSTALL = YES;
				STRING_CATALOG_GENERATE_SYMBOLS = YES;
				SWIFT_APPROACHABLE_CONCURRENCY = YES;
				SWIFT_EMIT_LOC_STRINGS = YES;
				SWIFT_UPCOMING_FEATURE_MEMBER_IMPORT_VISIBILITY = YES;
				SWIFT_VERSION = 5.0;
				TARGETED_DEVICE_FAMILY = "1,2";
				VALIDATE_PRODUCT = YES;
			};
			name = Release;
		};
		F1AA391394212EADE7FD6586 /* Debug */ = {
			isa = XCBuildConfiguration;
			buildSettings = {
				ASSETCATALOG_COMPILER_APPICON_NAME = AppIcon;
				"ASSETCATALOG_COMPILER_APPICON_NAME[sdk=watch*]" = LegacyAppIcon;
				CODE_SIGN_ENTITLEMENTS = DiFangKeWatch/DiFangKeWatch.entitlements;
				GENERATE_INFOPLIST_FILE = YES;
				INFOPLIST_KEY_CFBundleDisplayName = "地方客";
				INFOPLIST_KEY_WKApplication = YES;
				INFOPLIST_KEY_WKCompanionAppBundleIdentifier = com.ct106.difangke;
				PRODUCT_BUNDLE_IDENTIFIER = com.ct106.difangke.watchkitapp;
				PRODUCT_NAME = DiFangKeWatch;
				SDKROOT = watchos;
				SKIP_INSTALL = YES;
				SUPPORTED_PLATFORMS = "watchos watchsimulator";
				SWIFT_VERSION = 5.0;
				TARGETED_DEVICE_FAMILY = 4;
				WATCHOS_DEPLOYMENT_TARGET = 10.0;
			};
			name = Debug;
		};
		FA24A8DB5BA7B847E494E913 /* Debug */ = {
			isa = XCBuildConfiguration;
			buildSettings = {
				ASSETCATALOG_COMPILER_APPICON_NAME = AppIcon;
				ASSETCATALOG_COMPILER_GLOBAL_ACCENT_COLOR_NAME = AccentColor;
				ASSETCATALOG_COMPILER_INCLUDE_ALL_APPICON_ASSETS = YES;
				CODE_SIGN_ENTITLEMENTS = DiFangKe/DiFangKe.entitlements;
				CODE_SIGN_IDENTITY = "iPhone Developer";
				GENERATE_INFOPLIST_FILE = NO;
				INFOPLIST_FILE = DiFangKe/Info.plist;
				INFOPLIST_KEY_CFBundleDisplayName = "地方客";
				INFOPLIST_KEY_LSApplicationCategoryType = "public.app-category.lifestyle";
				IPHONEOS_DEPLOYMENT_TARGET = 17.6;
				LD_RUNPATH_SEARCH_PATHS = (
					"$(inherited)",
					"@executable_path/Frameworks",
				);
				PRODUCT_BUNDLE_IDENTIFIER = com.ct106.difangke;
				PRODUCT_NAME = "地方客";
				SDKROOT = iphoneos;
				SUPPORTED_PLATFORMS = "iphoneos iphonesimulator";
				SUPPORTS_MACCATALYST = NO;
				SUPPORTS_MAC_DESIGNED_FOR_IPHONE_IPAD = NO;
				SUPPORTS_XR_DESIGNED_FOR_IPHONE_IPAD = NO;
				SWIFT_VERSION = 5.9;
				TARGETED_DEVICE_FAMILY = "1,2";
			};
			name = Debug;
		};
/* End XCBuildConfiguration section */

/* Begin XCConfigurationList section */
		63946DFD7278E77B91FAE5C4 /* Build configuration list for PBXNativeTarget "DiFangKe" */ = {
			isa = XCConfigurationList;
			buildConfigurations = (
				FA24A8DB5BA7B847E494E913 /* Debug */,
				B7E440CFC1E1076A922BEDB4 /* Release */,
			);
			defaultConfigurationIsVisible = 0;
			defaultConfigurationName = Debug;
		};
		A4C9CFFD682E947343B0C99F /* Build configuration list for PBXProject "DiFangKe" */ = {
			isa = XCConfigurationList;
			buildConfigurations = (
				5B10AD8112E2603AE6D4DBC2 /* Debug */,
				C090984780C0D1C0ECE0B719 /* Release */,
			);
			defaultConfigurationIsVisible = 0;
			defaultConfigurationName = Debug;
		};
		A71100000000000000000009 /* Build configuration list for PBXNativeTarget "DiFangKeWatchWidget" */ = {
			isa = XCConfigurationList;
			buildConfigurations = (
				A7110000000000000000000D /* Debug */,
				A7110000000000000000000E /* Release */,
			);
			defaultConfigurationIsVisible = 0;
			defaultConfigurationName = Debug;
		};
		C678482C2FA24C10002DF823 /* Build configuration list for PBXNativeTarget "DiFangKeWidgetExtension" */ = {
			isa = XCConfigurationList;
			buildConfigurations = (
				C67848292FA24C10002DF823 /* Debug */,
				C678482A2FA24C10002DF823 /* Release */,
			);
			defaultConfigurationIsVisible = 0;
			defaultConfigurationName = Debug;
		};
		E1902B97446A9FAA650DFECF /* Build configuration list for PBXNativeTarget "DiFangKeWatch" */ = {
			isa = XCConfigurationList;
			buildConfigurations = (
				0474BB3A3494ED831CFD3D26 /* Release */,
				F1AA391394212EADE7FD6586 /* Debug */,
			);
			defaultConfigurationIsVisible = 0;
			defaultConfigurationName = Release;
		};
/* End XCConfigurationList section */

/* Begin XCRemoteSwiftPackageReference section */
		3FB6B41A72C5CC53D33BDFF0 /* XCRemoteSwiftPackageReference "aptabase-swift" */ = {
			isa = XCRemoteSwiftPackageReference;
			repositoryURL = "https://github.com/aptabase/aptabase-swift.git";
			requirement = {
				kind = upToNextMajorVersion;
				minimumVersion = 0.3.5;
			};
		};
/* End XCRemoteSwiftPackageReference section */

/* Begin XCSwiftPackageProductDependency section */
		68EA130148C5349D5CF940EE /* Aptabase */ = {
			isa = XCSwiftPackageProductDependency;
			package = 3FB6B41A72C5CC53D33BDFF0 /* XCRemoteSwiftPackageReference "aptabase-swift" */;
			productName = Aptabase;
		};
/* End XCSwiftPackageProductDependency section */
	};
	rootObject = 22478D1FFB0A8791BF88398D /* Project object */;
}
